Microsoft Visual Studio Solution File, Format Version 12.00
# Visual Studio Version 17
VisualStudioVersion = 17.5.2.0
MinimumVisualStudioVersion = 10.0.40219.1
Project("{FAE04EC0-301F-11D3-BF4B-00C04F79EFBC}") = "LinearAlgebra", "LinearAlgebra\LinearAlgebra.csproj", "{559A400C-5543-2AC9-91D7-7EE03A68F884}"
EndProject
Project("{FAE04EC0-301F-11D3-BF4B-00C04F79EFBC}") = "VectorDemo", "VectorDemo\VectorDemo.csproj", "{A39421AD-6158-7418-1E26-482EE6CB0222}"
EndProject
Global
	GlobalSection(SolutionConfigurationPlatforms) = preSolution
		Debug|Any CPU = Debug|Any CPU
		Release|Any CPU = Release|Any CPU
	EndGlobalSection
	GlobalSection(ProjectConfigurationPlatforms) = postSolution
		{559A400C-5543-2AC9-91D7-7EE03A68F884}.Debug|Any CPU.ActiveCfg = Debug|Any CPU
		{559A400C-5543-2AC9-91D7-7EE03A68F884}.Debug|Any CPU.Build.0 = Debug|Any CPU
		{559A400C-5543-2AC9-91D7-7EE03A68F884}.Release|Any CPU.ActiveCfg = Release|Any CPU
		{559A400C-5543-2AC9-91D7-7EE03A68F884}.Release|Any CPU.Build.0 = Release|Any CPU
		{A39421AD-6158-7418-1E26-482EE6CB0222}.Debug|Any CPU.ActiveCfg = Debug|Any CPU
		{A39421AD-6158-7418-1E26-482EE6CB0222}.Debug|Any CPU.Build.0 = Debug|Any CPU
		{A39421AD-6158-7418-1E26-482EE6CB0222}.Release|Any CPU.ActiveCfg = Release|Any CPU
		{A39421AD-6158-7418-1E26-482EE6CB0222}.Release|Any CPU.Build.0 = Release|Any CPU
	EndGlobalSection
	GlobalSection(SolutionProperties) = preSolution
		HideSolutionNode = FALSE
	EndGlobalSection
	GlobalSection(ExtensibilityGlobals) = postSolution
		SolutionGuid = {1B2F5C0B-7188-4513-82D8-28D11138BA17}
	EndGlobalSection
EndGlobal
